
Microsoft Visual Studio Solution File, Format Version 12.00
# Visual Studio Version 17
VisualStudioVersion = 17.8.34322.80
MinimumVisualStudioVersion = 10.0.40219.1
Project("{FAE04EC0-301F-11D3-BF4B-00C04F79EFBC}") = "AOC", "AOC.csproj", "{64250527-1531-474C-BC7E-FBB0CF472C51}"
EndProject
Global
	GlobalSection(SolutionConfigurationPlatforms) = preSolution
		Debug|Any CPU = Debug|Any CPU
		Release|Any CPU = Release|Any CPU
	EndGlobalSection
	GlobalSection(ProjectConfigurationPlatforms) = postSolution
		{64250527-1531-474C-BC7E-FBB0CF472C51}.Debug|Any CPU.ActiveCfg = Debug|Any CPU
		{64250527-1531-474C-BC7E-FBB0CF472C51}.Debug|Any CPU.Build.0 = Debug|Any CPU
		{64250527-1531-474C-BC7E-FBB0CF472C51}.Release|Any CPU.ActiveCfg = Release|Any CPU
		{64250527-1531-474C-BC7E-FBB0CF472C51}.Release|Any CPU.Build.0 = Release|Any CPU
	EndGlobalSection
	GlobalSection(SolutionProperties) = preSolution
		HideSolutionNode = FALSE
	EndGlobalSection
	GlobalSection(ExtensibilityGlobals) = postSolution
		SolutionGuid = {17395FA5-38FE-4060-8ADF-2752DA29FE8E}
	EndGlobalSection
EndGlobal
